{
  "lockfile-version": 1,
  "manifest": {
    "version": 1,
    "install": {
      "claude-code": {
        "pkg-path": "claude-code"
      }
    },
    "hook": {},
    "profile": {},
    "options": {}
  },
  "packages": [
    {
      "attr_path": "claude-code",
      "broken": false,
      "derivation": "/nix/store/wgrx1w4m968jrxazmajrz23xil76rqv1-claude-code-2.0.26.drv",
      "description": "Agentic coding tool that lives in your terminal, understands your codebase, and helps you code faster",
      "install_id": "claude-code",
      "license": "Unfree",
      "locked_url": "https://github.com/flox/nixpkgs?rev=6a08e6bb4e46ff7fcbb53d409b253f6bad8a28ce",
      "name": "claude-code-2.0.26",
      "pname": "claude-code",
      "rev": "6a08e6bb4e46ff7fcbb53d409b253f6bad8a28ce",
      "rev_count": 883951,
      "rev_date": "2025-10-25T06:24:58Z",
      "scrape_date": "2025-10-27T02:08:14.962562Z",
      "stabilities": [
        "unstable"
      ],
      "unfree": true,
      "version": "2.0.26",
      "outputs_to_install": [
        "out"
      ],
      "outputs": {
        "out": "/nix/store/d4yl5csz4rdjh1wz35ic4pl2sdllq1lp-claude-code-2.0.26"
      },
      "system": "aarch64-darwin",
      "group": "toplevel",
      "priority": 5
    },
    {
      "attr_path": "claude-code",
      "broken": false,
      "derivation": "/nix/store/gvggrn423ap55vs256njk64c3jh9wr73-claude-code-2.0.26.drv",
      "description": "Agentic coding tool that lives in your terminal, understands your codebase, and helps you code faster",
      "install_id": "claude-code",
      "license": "Unfree",
      "locked_url": "https://github.com/flox/nixpkgs?rev=6a08e6bb4e46ff7fcbb53d409b253f6bad8a28ce",
      "name": "claude-code-2.0.26",
      "pname": "claude-code",
      "rev": "6a08e6bb4e46ff7fcbb53d409b253f6bad8a28ce",
      "rev_count": 883951,
      "rev_date": "2025-10-25T06:24:58Z",
      "scrape_date": "2025-10-27T02:18:26.158514Z",
      "stabilities": [
        "unstable"
      ],
      "unfree": true,
      "version": "2.0.26",
      "outputs_to_install": [
        "out"
      ],
      "outputs": {
        "out": "/nix/store/6d6skbjyz71kvan8m3gmd2vp6k22h13k-claude-code-2.0.26"
      },
      "system": "aarch64-linux",
      "group": "toplevel",
      "priority": 5
    },
    {
      "attr_path": "claude-code",
      "broken": false,
      "derivation": "/nix/store/d1nqr965d682rvvcvmp7x11v2a05yijd-claude-code-2.0.26.drv",
      "description": "Agentic coding tool that lives in your terminal, understands your codebase, and helps you code faster",
      "install_id": "claude-code",
      "license": "Unfree",
      "locked_url": "https://github.com/flox/nixpkgs?rev=6a08e6bb4e46ff7fcbb53d409b253f6bad8a28ce",
      "name": "claude-code-2.0.26",
      "pname": "claude-code",
      "rev": "6a08e6bb4e46ff7fcbb53d409b253f6bad8a28ce",
      "rev_count": 883951,
      "rev_date": "2025-10-25T06:24:58Z",
      "scrape_date": "2025-10-27T02:29:21.549828Z",
      "stabilities": [
        "unstable"
      ],
      "unfree": true,
      "version": "2.0.26",
      "outputs_to_install": [
        "out"
      ],
      "outputs": {
        "out": "/nix/store/7mxqsh1dq4lg9hfr0nm3yzpz0h12fn1c-claude-code-2.0.26"
      },
      "system": "x86_64-darwin",
      "group": "toplevel",
      "priority": 5
    },
    {
      "attr_path": "claude-code",
      "broken": false,
      "derivation": "/nix/store/xabk2pgqg39nvys0kc2jp3s4f1s8w1yw-claude-code-2.0.26.drv",
      "description": "Agentic coding tool that lives in your terminal, understands your codebase, and helps you code faster",
      "install_id": "claude-code",
      "license": "Unfree",
      "locked_url": "https://github.com/flox/nixpkgs?rev=6a08e6bb4e46ff7fcbb53d409b253f6bad8a28ce",
      "name": "claude-code-2.0.26",
      "pname": "claude-code",
      "rev": "6a08e6bb4e46ff7fcbb53d409b253f6bad8a28ce",
      "rev_count": 883951,
      "rev_date": "2025-10-25T06:24:58Z",
      "scrape_date": "2025-10-27T03:00:54.333104Z",
      "stabilities": [
        "unstable"
      ],
      "unfree": true,
      "version": "2.0.26",
      "outputs_to_install": [
        "out"
      ],
      "outputs": {
        "out": "/nix/store/7hq6q63p9cbmrivaqgwr5y91zq5fj91i-claude-code-2.0.26"
      },
      "system": "x86_64-linux",
      "group": "toplevel",
      "priority": 5
    }
  ]
}